
Microsoft Visual Studio Solution File, Format Version 12.00
# Visual Studio Version 17
VisualStudioVersion = 17.11.35222.181
MinimumVisualStudioVersion = 10.0.40219.1
Project("{9A19103F-16F7-4668-BE54-9A1E7A4F7556}") = "Infrastructure", "DataLogic\Infrastructure.csproj", "{B026009C-54CC-407A-BB98-7A66FC81BA27}"
EndProject
Project("{9A19103F-16F7-4668-BE54-9A1E7A4F7556}") = "BankServices", "BankServices\BankServices.csproj", "{EDA70A71-89DD-4EC5-91D6-F7FC2498B580}"
EndProject
Project("{9A19103F-16F7-4668-BE54-9A1E7A4F7556}") = "Audit", "Audit\Audit.csproj", "{8417D811-A233-429D-9E08-3C243A0B450D}"
EndProject
Project("{9A19103F-16F7-4668-BE54-9A1E7A4F7556}") = "DI", "DI\DI.csproj", "{394E3312-B2E4-4E29-9BCE-06E9946EDA39}"
EndProject
Project("{9A19103F-16F7-4668-BE54-9A1E7A4F7556}") = "Entities", "Entities\Entities.csproj", "{B92AE9A2-AFC2-4FC0-A888-E114FADFBBBB}"
EndProject
Project("{9A19103F-16F7-4668-BE54-9A1E7A4F7556}") = "BankClient", "BankClient\BankClient.csproj", "{4AD41C11-6B99-40DB-872A-CF571AD135E1}"
EndProject
Project("{2150E333-8FDC-42A3-9474-1A3956D46DE8}") = "Solution Items", "Solution Items", "{879007BF-8EBB-4D27-8170-16F177C04228}"
	ProjectSection(SolutionItems) = preProject
		README.md = README.md
	EndProjectSection
EndProject
Project("{2150E333-8FDC-42A3-9474-1A3956D46DE8}") = "src", "src", "{DB519CF5-5226-44E8-AEE4-7D7E1BC2D9F9}"
EndProject
Project("{9A19103F-16F7-4668-BE54-9A1E7A4F7556}") = "Bank.UseCases", "Bank.UseCases\Bank.UseCases.csproj", "{6AA6B9F7-DDF5-4107-BC74-7B44E136BEFC}"
EndProject
Project("{9A19103F-16F7-4668-BE54-9A1E7A4F7556}") = "Bank.ClientAPI", "Bank.ClientAPI\Bank.ClientAPI.csproj", "{BBFAD437-78D1-46BE-8888-A1EF5DFDDE4A}"
EndProject
Project("{9A19103F-16F7-4668-BE54-9A1E7A4F7556}") = "Bank.AuditAPI", "Bank.AuditAPI\Bank.AuditAPI.csproj", "{71404D5C-80E2-4ED0-8819-6A21622B3C91}"
EndProject
Project("{FAE04EC0-301F-11D3-BF4B-00C04F79EFBC}") = "Bank.Identity", "Bank.Identity\Bank.Identity.csproj", "{5BD5F796-4C5E-4D68-A35A-1212A6F610A1}"
EndProject
Global
	GlobalSection(SolutionConfigurationPlatforms) = preSolution
		Debug|Any CPU = Debug|Any CPU
		Release|Any CPU = Release|Any CPU
	EndGlobalSection
	GlobalSection(ProjectConfigurationPlatforms) = postSolution
		{B026009C-54CC-407A-BB98-7A66FC81BA27}.Debug|Any CPU.ActiveCfg = Debug|Any CPU
		{B026009C-54CC-407A-BB98-7A66FC81BA27}.Debug|Any CPU.Build.0 = Debug|Any CPU
		{B026009C-54CC-407A-BB98-7A66FC81BA27}.Release|Any CPU.ActiveCfg = Release|Any CPU
		{B026009C-54CC-407A-BB98-7A66FC81BA27}.Release|Any CPU.Build.0 = Release|Any CPU
		{EDA70A71-89DD-4EC5-91D6-F7FC2498B580}.Debug|Any CPU.ActiveCfg = Debug|Any CPU
		{EDA70A71-89DD-4EC5-91D6-F7FC2498B580}.Debug|Any CPU.Build.0 = Debug|Any CPU
		{EDA70A71-89DD-4EC5-91D6-F7FC2498B580}.Release|Any CPU.ActiveCfg = Release|Any CPU
		{EDA70A71-89DD-4EC5-91D6-F7FC2498B580}.Release|Any CPU.Build.0 = Release|Any CPU
		{8417D811-A233-429D-9E08-3C243A0B450D}.Debug|Any CPU.ActiveCfg = Debug|Any CPU
		{8417D811-A233-429D-9E08-3C243A0B450D}.Debug|Any CPU.Build.0 = Debug|Any CPU
		{8417D811-A233-429D-9E08-3C243A0B450D}.Release|Any CPU.ActiveCfg = Release|Any CPU
		{8417D811-A233-429D-9E08-3C243A0B450D}.Release|Any CPU.Build.0 = Release|Any CPU
		{394E3312-B2E4-4E29-9BCE-06E9946EDA39}.Debug|Any CPU.ActiveCfg = Debug|Any CPU
		{394E3312-B2E4-4E29-9BCE-06E9946EDA39}.Debug|Any CPU.Build.0 = Debug|Any CPU
		{394E3312-B2E4-4E29-9BCE-06E9946EDA39}.Release|Any CPU.ActiveCfg = Release|Any CPU
		{394E3312-B2E4-4E29-9BCE-06E9946EDA39}.Release|Any CPU.Build.0 = Release|Any CPU
		{B92AE9A2-AFC2-4FC0-A888-E114FADFBBBB}.Debug|Any CPU.ActiveCfg = Debug|Any CPU
		{B92AE9A2-AFC2-4FC0-A888-E114FADFBBBB}.Debug|Any CPU.Build.0 = Debug|Any CPU
		{B92AE9A2-AFC2-4FC0-A888-E114FADFBBBB}.Release|Any CPU.ActiveCfg = Release|Any CPU
		{B92AE9A2-AFC2-4FC0-A888-E114FADFBBBB}.Release|Any CPU.Build.0 = Release|Any CPU
		{4AD41C11-6B99-40DB-872A-CF571AD135E1}.Debug|Any CPU.ActiveCfg = Debug|Any CPU
		{4AD41C11-6B99-40DB-872A-CF571AD135E1}.Debug|Any CPU.Build.0 = Debug|Any CPU
		{4AD41C11-6B99-40DB-872A-CF571AD135E1}.Release|Any CPU.ActiveCfg = Release|Any CPU
		{4AD41C11-6B99-40DB-872A-CF571AD135E1}.Release|Any CPU.Build.0 = Release|Any CPU
		{6AA6B9F7-DDF5-4107-BC74-7B44E136BEFC}.Debug|Any CPU.ActiveCfg = Debug|Any CPU
		{6AA6B9F7-DDF5-4107-BC74-7B44E136BEFC}.Debug|Any CPU.Build.0 = Debug|Any CPU
		{6AA6B9F7-DDF5-4107-BC74-7B44E136BEFC}.Release|Any CPU.ActiveCfg = Release|Any CPU
		{6AA6B9F7-DDF5-4107-BC74-7B44E136BEFC}.Release|Any CPU.Build.0 = Release|Any CPU
		{BBFAD437-78D1-46BE-8888-A1EF5DFDDE4A}.Debug|Any CPU.ActiveCfg = Debug|Any CPU
		{BBFAD437-78D1-46BE-8888-A1EF5DFDDE4A}.Debug|Any CPU.Build.0 = Debug|Any CPU
		{BBFAD437-78D1-46BE-8888-A1EF5DFDDE4A}.Release|Any CPU.ActiveCfg = Release|Any CPU
		{BBFAD437-78D1-46BE-8888-A1EF5DFDDE4A}.Release|Any CPU.Build.0 = Release|Any CPU
		{71404D5C-80E2-4ED0-8819-6A21622B3C91}.Debug|Any CPU.ActiveCfg = Debug|Any CPU
		{71404D5C-80E2-4ED0-8819-6A21622B3C91}.Debug|Any CPU.Build.0 = Debug|Any CPU
		{71404D5C-80E2-4ED0-8819-6A21622B3C91}.Release|Any CPU.ActiveCfg = Release|Any CPU
		{71404D5C-80E2-4ED0-8819-6A21622B3C91}.Release|Any CPU.Build.0 = Release|Any CPU
		{5BD5F796-4C5E-4D68-A35A-1212A6F610A1}.Debug|Any CPU.ActiveCfg = Debug|Any CPU
		{5BD5F796-4C5E-4D68-A35A-1212A6F610A1}.Debug|Any CPU.Build.0 = Debug|Any CPU
		{5BD5F796-4C5E-4D68-A35A-1212A6F610A1}.Release|Any CPU.ActiveCfg = Release|Any CPU
		{5BD5F796-4C5E-4D68-A35A-1212A6F610A1}.Release|Any CPU.Build.0 = Release|Any CPU
	EndGlobalSection
	GlobalSection(SolutionProperties) = preSolution
		HideSolutionNode = FALSE
	EndGlobalSection
	GlobalSection(NestedProjects) = preSolution
		{8417D811-A233-429D-9E08-3C243A0B450D} = {879007BF-8EBB-4D27-8170-16F177C04228}
		{4AD41C11-6B99-40DB-872A-CF571AD135E1} = {879007BF-8EBB-4D27-8170-16F177C04228}
		{6AA6B9F7-DDF5-4107-BC74-7B44E136BEFC} = {DB519CF5-5226-44E8-AEE4-7D7E1BC2D9F9}
		{BBFAD437-78D1-46BE-8888-A1EF5DFDDE4A} = {DB519CF5-5226-44E8-AEE4-7D7E1BC2D9F9}
		{71404D5C-80E2-4ED0-8819-6A21622B3C91} = {DB519CF5-5226-44E8-AEE4-7D7E1BC2D9F9}
		{5BD5F796-4C5E-4D68-A35A-1212A6F610A1} = {DB519CF5-5226-44E8-AEE4-7D7E1BC2D9F9}
	EndGlobalSection
	GlobalSection(ExtensibilityGlobals) = postSolution
		SolutionGuid = {B0F0E944-2EA0-476E-AEBB-B6185E4AC6E2}
	EndGlobalSection
EndGlobal
